// !$*UTF8*$!
{
	archiveVersion = 1;
	classes = {
	};
	objectVersion = 51;
	objects = {

/* Begin PBXBuildFile section */
		7668AAB624FB318100AB7D6C /* DropablePin.swift in Sources */ = {isa = PBXBuildFile; fileRef = 7668AAB524FB318100AB7D6C /* DropablePin.swift */; };
		76CCE8DA24FA8E5E000D65E0 /* AppDelegate.swift in Sources */ = {isa = PBXBuildFile; fileRef = 76CCE8D924FA8E5E000D65E0 /* AppDelegate.swift */; };
		76CCE8DC24FA8E5E000D65E0 /* SceneDelegate.swift in Sources */ = {isa = PBXBuildFile; fileRef = 76CCE8DB24FA8E5E000D65E0 /* SceneDelegate.swift */; };
		76CCE8E124FA8E5E000D65E0 /* Main.storyboard in Resources */ = {isa = PBXBuildFile; fileRef = 76CCE8DF24FA8E5E000D65E0 /* Main.storyboard */; };
		76CCE8E324FA8E60000D65E0 /* Assets.xcassets in Resources */ = {isa = PBXBuildFile; fileRef = 76CCE8E224FA8E60000D65E0 /* Assets.xcassets */; };
		76CCE8E624FA8E60000D65E0 /* LaunchScreen.storyboard in Resources */ = {isa = PBXBuildFile; fileRef = 76CCE8E424FA8E60000D65E0 /* LaunchScreen.storyboard */; };
		76CCE8F324FA8FE2000D65E0 /* MapVC.swift in Sources */ = {isa = PBXBuildFile; fileRef = 76CCE8F224FA8FE2000D65E0 /* MapVC.swift */; };
		DA9EB0B76D1D66B472F8E20E /* Pods_PixelCityApp.framework in Frameworks */ = {isa = PBXBuildFile; fileRef = 119F9389DDD5603470728D1C /* Pods_PixelCityApp.framework */; };
/* End PBXBuildFile section */

/* Begin PBXFileReference section */
		119F9389DDD5603470728D1C /* Pods_PixelCityApp.framework */ = {isa = PBXFileReference; explicitFileType = wrapper.framework; includeInIndex = 0; path = Pods_PixelCityApp.framework; sourceTree = BUILT_PRODUCTS_DIR; };
		32F2F63D7BED57C295C6316D /* Pods-PixelCityApp.debug.xcconfig */ = {isa = PBXFileReference; includeInIndex = 1; lastKnownFileType = text.xcconfig; name = "Pods-PixelCityApp.debug.xcconfig"; path = "Target Support Files/Pods-PixelCityApp/Pods-PixelCityApp.debug.xcconfig"; sourceTree = "<group>"; };
		7668AAB524FB318100AB7D6C /* DropablePin.swift */ = {isa = PBXFileReference; lastKnownFileType = sourcecode.swift; path = DropablePin.swift; sourceTree = "<group>"; };
		76CCE8D624FA8E5E000D65E0 /* PixelCityApp.app */ = {isa = PBXFileReference; explicitFileType = wrapper.application; includeInIndex = 0; path = PixelCityApp.app; sourceTree = BUILT_PRODUCTS_DIR; };
		76CCE8D924FA8E5E000D65E0 /* AppDelegate.swift */ = {isa = PBXFileReference; lastKnownFileType = sourcecode.swift; path = AppDelegate.swift; sourceTree = "<group>"; };
		76CCE8DB24FA8E5E000D65E0 /* SceneDelegate.swift */ = {isa = PBXFileReference; lastKnownFileType = sourcecode.swift; path = SceneDelegate.swift; sourceTree = "<group>"; };
		76CCE8E024FA8E5E000D65E0 /* Base */ = {isa = PBXFileReference; lastKnownFileType = file.storyboard; name = Base; path = Base.lproj/Main.storyboard; sourceTree = "<group>"; };
		76CCE8E224FA8E60000D65E0 /* Assets.xcassets */ = {isa = PBXFileReference; lastKnownFileType = folder.assetcatalog; path = Assets.xcassets; sourceTree = "<group>"; };
		76CCE8E524FA8E60000D65E0 /* Base */ = {isa = PBXFileReference; lastKnownFileType = file.storyboard; name = Base; path = Base.lproj/LaunchScreen.storyboard; sourceTree = "<group>"; };
		76CCE8E724FA8E60000D65E0 /* Info.plist */ = {isa = PBXFileReference; lastKnownFileType = text.plist.xml; path = Info.plist; sourceTree = "<group>"; };
		76CCE8F224FA8FE2000D65E0 /* MapVC.swift */ = {isa = PBXFileReference; lastKnownFileType = sourcecode.swift; path = MapVC.swift; sourceTree = "<group>"; };
		9C96BEFDFFC412D11CBFA27B /* Pods-PixelCityApp.release.xcconfig */ = {isa = PBXFileReference; includeInIndex = 1; lastKnownFileType = text.xcconfig; name = "Pods-PixelCityApp.release.xcconfig"; path = "Target Support Files/Pods-PixelCityApp/Pods-PixelCityApp.release.xcconfig"; sourceTree = "<group>"; };
/* End PBXFileReference section */

/* Begin PBXFrameworksBuildPhase section */
		76CCE8D324FA8E5E000D65E0 /* Frameworks */ = {
			isa = PBXFrameworksBuildPhase;
			buildActionMask = 2147483647;
			files = (
				DA9EB0B76D1D66B472F8E20E /* Pods_PixelCityApp.framework in Frameworks */,
			);
			runOnlyForDeploymentPostprocessing = 0;
		};
/* End PBXFrameworksBuildPhase section */

/* Begin PBXGroup section */
		11279F88220595D16BC2A946 /* Pods */ = {
			isa = PBXGroup;
			children = (
				32F2F63D7BED57C295C6316D /* Pods-PixelCityApp.debug.xcconfig */,
				9C96BEFDFFC412D11CBFA27B /* Pods-PixelCityApp.release.xcconfig */,
			);
			path = Pods;
			sourceTree = "<group>";
		};
		76CCE8CD24FA8E5E000D65E0 = {
			isa = PBXGroup;
			children = (
				76CCE8D824FA8E5E000D65E0 /* PixelCityApp */,
				76CCE8D724FA8E5E000D65E0 /* Products */,
				11279F88220595D16BC2A946 /* Pods */,
				7E121B1EF93E10691799788A /* Frameworks */,
			);
			sourceTree = "<group>";
		};
		76CCE8D724FA8E5E000D65E0 /* Products */ = {
			isa = PBXGroup;
			children = (
				76CCE8D624FA8E5E000D65E0 /* PixelCityApp.app */,
			);
			name = Products;
			sourceTree = "<group>";
		};
		76CCE8D824FA8E5E000D65E0 /* PixelCityApp */ = {
			isa = PBXGroup;
			children = (
				76CCE8F124FA8E94000D65E0 /* Utilities */,
				76CCE8F024FA8E8C000D65E0 /* Extensions */,
				76CCE8EF24FA8E86000D65E0 /* Model */,
				76CCE8EE24FA8E7B000D65E0 /* View */,
				76CCE8ED24FA8E74000D65E0 /* Controller */,
				76CCE8D924FA8E5E000D65E0 /* AppDelegate.swift */,
				76CCE8DB24FA8E5E000D65E0 /* SceneDelegate.swift */,
				76CCE8F224FA8FE2000D65E0 /* MapVC.swift */,
				76CCE8DF24FA8E5E000D65E0 /* Main.storyboard */,
				76CCE8E224FA8E60000D65E0 /* Assets.xcassets */,
				76CCE8E424FA8E60000D65E0 /* LaunchScreen.storyboard */,
				76CCE8E724FA8E60000D65E0 /* Info.plist */,
			);
			path = PixelCityApp;
			sourceTree = "<group>";
		};
		76CCE8ED24FA8E74000D65E0 /* Controller */ = {
			isa = PBXGroup;
			children = (
			);
			path = Controller;
			sourceTree = "<group>";
		};
		76CCE8EE24FA8E7B000D65E0 /* View */ = {
			isa = PBXGroup;
			children = (
				7668AAB524FB318100AB7D6C /* DropablePin.swift */,
			);
			path = View;
			sourceTree = "<group>";
		};
		76CCE8EF24FA8E86000D65E0 /* Model */ = {
			isa = PBXGroup;
			children = (
			);
			path = Model;
			sourceTree = "<group>";
		};
		76CCE8F024FA8E8C000D65E0 /* Extensions */ = {
			isa = PBXGroup;
			children = (
			);
			path = Extensions;
			sourceTree = "<group>";
		};
		76CCE8F124FA8E94000D65E0 /* Utilities */ = {
			isa = PBXGroup;
			children = (
			);
			path = Utilities;
			sourceTree = "<group>";
		};
		7E121B1EF93E10691799788A /* Frameworks */ = {
			isa = PBXGroup;
			children = (
				119F9389DDD5603470728D1C /* Pods_PixelCityApp.framework */,
			);
			name = Frameworks;
			sourceTree = "<group>";
		};
/* End PBXGroup section */

/* Begin PBXNativeTarget section */
		76CCE8D524FA8E5E000D65E0 /* PixelCityApp */ = {
			isa = PBXNativeTarget;
			buildConfigurationList = 76CCE8EA24FA8E60000D65E0 /* Build configuration list for PBXNativeTarget "PixelCityApp" */;
			buildPhases = (
				25214874A08DDE0AB1363739 /* [CP] Check Pods Manifest.lock */,
				76CCE8D224FA8E5E000D65E0 /* Sources */,
				76CCE8D324FA8E5E000D65E0 /* Frameworks */,
				76CCE8D424FA8E5E000D65E0 /* Resources */,
				0B436B3C64966656AF52C6FA /* [CP] Embed Pods Frameworks */,
			);
			buildRules = (
			);
			dependencies = (
			);
			name = PixelCityApp;
			productName = PixelCityApp;
			productReference = 76CCE8D624FA8E5E000D65E0 /* PixelCityApp.app */;
			productType = "com.apple.product-type.application";
		};
/* End PBXNativeTarget section */

/* Begin PBXProject section */
		76CCE8CE24FA8E5E000D65E0 /* Project object */ = {
			isa = PBXProject;
			attributes = {
				LastSwiftUpdateCheck = 1130;
				LastUpgradeCheck = 1130;
				ORGANIZATIONNAME = "El nino Cholo";
				TargetAttributes = {
					76CCE8D524FA8E5E000D65E0 = {
						CreatedOnToolsVersion = 11.3.1;
					};
				};
			};
			buildConfigurationList = 76CCE8D124FA8E5E000D65E0 /* Build configuration list for PBXProject "PixelCityApp" */;
			compatibilityVersion = "Xcode 9.3";
			developmentRegion = en;
			hasScannedForEncodings = 0;
			knownRegions = (
				en,
				Base,
			);
			mainGroup = 76CCE8CD24FA8E5E000D65E0;
			productRefGroup = 76CCE8D724FA8E5E000D65E0 /* Products */;
			projectDirPath = "";
			projectRoot = "";
			targets = (
				76CCE8D524FA8E5E000D65E0 /* PixelCityApp */,
			);
		};
/* End PBXProject section */

/* Begin PBXResourcesBuildPhase section */
		76CCE8D424FA8E5E000D65E0 /* Resources */ = {
			isa = PBXResourcesBuildPhase;
			buildActionMask = 2147483647;
			files = (
				76CCE8E624FA8E60000D65E0 /* LaunchScreen.storyboard in Resources */,
				76CCE8E324FA8E60000D65E0 /* Assets.xcassets in Resources */,
				76CCE8E124FA8E5E000D65E0 /* Main.storyboard in Resources */,
			);
			runOnlyForDeploymentPostprocessing = 0;
		};
/* End PBXResourcesBuildPhase section */

/* Begin PBXShellScriptBuildPhase section */
		0B436B3C64966656AF52C6FA /* [CP] Embed Pods Frameworks */ = {
			isa = PBXShellScriptBuildPhase;
			buildActionMask = 2147483647;
			files = (
			);
			inputFileListPaths = (
				"${PODS_ROOT}/Target Support Files/Pods-PixelCityApp/Pods-PixelCityApp-frameworks-${CONFIGURATION}-input-files.xcfilelist",
			);
			name = "[CP] Embed Pods Frameworks";
			outputFileListPaths = (
				"${PODS_ROOT}/Target Support Files/Pods-PixelCityApp/Pods-PixelCityApp-frameworks-${CONFIGURATION}-output-files.xcfilelist",
			);
			runOnlyForDeploymentPostprocessing = 0;
			shellPath = /bin/sh;
			shellScript = "\"${PODS_ROOT}/Target Support Files/Pods-PixelCityApp/Pods-PixelCityApp-frameworks.sh\"\n";
			showEnvVarsInLog = 0;
		};
		25214874A08DDE0AB1363739 /* [CP] Check Pods Manifest.lock */ = {
			isa = PBXShellScriptBuildPhase;
			buildActionMask = 2147483647;
			files = (
			);
			inputFileListPaths = (
			);
			inputPaths = (
				"${PODS_PODFILE_DIR_PATH}/Podfile.lock",
				"${PODS_ROOT}/Manifest.lock",
			);
			name = "[CP] Check Pods Manifest.lock";
			outputFileListPaths = (
			);
			outputPaths = (
				"$(DERIVED_FILE_DIR)/Pods-PixelCityApp-checkManifestLockResult.txt",
			);
			runOnlyForDeploymentPostprocessing = 0;
			shellPath = /bin/sh;
			shellScript = "diff \"${PODS_PODFILE_DIR_PATH}/Podfile.lock\" \"${PODS_ROOT}/Manifest.lock\" > /dev/null\nif [ $? != 0 ] ; then\n    # print error to STDERR\n    echo \"error: The sandbox is not in sync with the Podfile.lock. Run 'pod install' or update your CocoaPods installation.\" >&2\n    exit 1\nfi\n# This output is used by Xcode 'outputs' to avoid re-running this script phase.\necho \"SUCCESS\" > \"${SCRIPT_OUTPUT_FILE_0}\"\n";
			showEnvVarsInLog = 0;
		};
/* End PBXShellScriptBuildPhase section */

/* Begin PBXSourcesBuildPhase section */
		76CCE8D224FA8E5E000D65E0 /* Sources */ = {
			isa = PBXSourcesBuildPhase;
			buildActionMask = 2147483647;
			files = (
				7668AAB624FB318100AB7D6C /* DropablePin.swift in Sources */,
				76CCE8F324FA8FE2000D65E0 /* MapVC.swift in Sources */,
				76CCE8DA24FA8E5E000D65E0 /* AppDelegate.swift in Sources */,
				76CCE8DC24FA8E5E000D65E0 /* SceneDelegate.swift in Sources */,
			);
			runOnlyForDeploymentPostprocessing = 0;
		};
/* End PBXSourcesBuildPhase section */

/* Begin PBXVariantGroup section */
		76CCE8DF24FA8E5E000D65E0 /* Main.storyboard */ = {
			isa = PBXVariantGroup;
			children = (
				76CCE8E024FA8E5E000D65E0 /* Base */,
			);
			name = Main.storyboard;
			sourceTree = "<group>";
		};
		76CCE8E424FA8E60000D65E0 /* LaunchScreen.storyboard */ = {
			isa = PBXVariantGroup;
			children = (
				76CCE8E524FA8E60000D65E0 /* Base */,
			);
			name = LaunchScreen.storyboard;
			sourceTree = "<group>";
		};
/* End PBXVariantGroup section */

/* Begin XCBuildConfiguration section */
		76CCE8E824FA8E60000D65E0 /* Debug */ = {
			isa = XCBuildConfiguration;
			buildSettings = {
				ALWAYS_SEARCH_USER_PATHS = NO;
				CLANG_ANALYZER_NONNULL = YES;
				CLANG_ANALYZER_NUMBER_OBJECT_CONVERSION = YES_AGGRESSIVE;
				CLANG_CXX_LANGUAGE_STANDARD = "gnu++14";
				CLANG_CXX_LIBRARY = "libc++";
				CLANG_ENABLE_MODULES = YES;
				CLANG_ENABLE_OBJC_ARC = YES;
				CLANG_ENABLE_OBJC_WEAK = YES;
				CLANG_WARN_BLOCK_CAPTURE_AUTORELEASING = YES;
				CLANG_WARN_BOOL_CONVERSION = YES;
				CLANG_WARN_COMMA = YES;
				CLANG_WARN_CONSTANT_CONVERSION = YES;
				CLANG_WARN_DEPRECATED_OBJC_IMPLEMENTATIONS = YES;
				CLANG_WARN_DIRECT_OBJC_ISA_USAGE = YES_ERROR;
				CLANG_WARN_DOCUMENTATION_COMMENTS = YES;
				CLANG_WARN_EMPTY_BODY = YES;
				CLANG_WARN_ENUM_CONVERSION = YES;
				CLANG_WARN_INFINITE_RECURSION = YES;
				CLANG_WARN_INT_CONVERSION = YES;
				CLANG_WARN_NON_LITERAL_NULL_CONVERSION = YES;
				CLANG_WARN_OBJC_IMPLICIT_RETAIN_SELF = YES;
				CLANG_WARN_OBJC_LITERAL_CONVERSION = YES;
				CLANG_WARN_OBJC_ROOT_CLASS = YES_ERROR;
				CLANG_WARN_RANGE_LOOP_ANALYSIS = YES;
				CLANG_WARN_STRICT_PROTOTYPES = YES;
				CLANG_WARN_SUSPICIOUS_MOVE = YES;
				CLANG_WARN_UNGUARDED_AVAILABILITY = YES_AGGRESSIVE;
				CLANG_WARN_UNREACHABLE_CODE = YES;
				CLANG_WARN__DUPLICATE_METHOD_MATCH = YES;
				COPY_PHASE_STRIP = NO;
				DEBUG_INFORMATION_FORMAT = dwarf;
				ENABLE_STRICT_OBJC_MSGSEND = YES;
				ENABLE_TESTABILITY = YES;
				GCC_C_LANGUAGE_STANDARD = gnu11;
				GCC_DYNAMIC_NO_PIC = NO;
				GCC_NO_COMMON_BLOCKS = YES;
				GCC_OPTIMIZATION_LEVEL = 0;
				GCC_PREPROCESSOR_DEFINITIONS = (
					"DEBUG=1",
					"$(inherited)",
				);
				GCC_WARN_64_TO_32_BIT_CONVERSION = YES;
				GCC_WARN_ABOUT_RETURN_TYPE = YES_ERROR;
				GCC_WARN_UNDECLARED_SELECTOR = YES;
				GCC_WARN_UNINITIALIZED_AUTOS = YES_AGGRESSIVE;
				GCC_WARN_UNUSED_FUNCTION = YES;
				GCC_WARN_UNUSED_VARIABLE = YES;
				IPHONEOS_DEPLOYMENT_TARGET = 13.2;
				MTL_ENABLE_DEBUG_INFO = INCLUDE_SOURCE;
				MTL_FAST_MATH = YES;
				ONLY_ACTIVE_ARCH = YES;
				SDKROOT = iphoneos;
				SWIFT_ACTIVE_COMPILATION_CONDITIONS = DEBUG;
				SWIFT_OPTIMIZATION_LEVEL = "-Onone";
			};
			name = Debug;
		};
		76CCE8E924FA8E60000D65E0 /* Release */ = {
			isa = XCBuildConfiguration;
			buildSettings = {
				ALWAYS_SEARCH_USER_PATHS = NO;
				CLANG_ANALYZER_NONNULL = YES;
				CLANG_ANALYZER_NUMBER_OBJECT_CONVERSION = YES_AGGRESSIVE;
				CLANG_CXX_LANGUAGE_STANDARD = "gnu++14";
				CLANG_CXX_LIBRARY = "libc++";
				CLANG_ENABLE_MODULES = YES;
				CLANG_ENABLE_OBJC_ARC = YES;
				CLANG_ENABLE_OBJC_WEAK = YES;
				CLANG_WARN_BLOCK_CAPTURE_AUTORELEASING = YES;
				CLANG_WARN_BOOL_CONVERSION = YES;
				CLANG_WARN_COMMA = YES;
				CLANG_WARN_CONSTANT_CONVERSION = YES;
				CLANG_WARN_DEPRECATED_OBJC_IMPLEMENTATIONS = YES;
				CLANG_WARN_DIRECT_OBJC_ISA_USAGE = YES_ERROR;
				CLANG_WARN_DOCUMENTATION_COMMENTS = YES;
				CLANG_WARN_EMPTY_BODY = YES;
				CLANG_WARN_ENUM_CONVERSION = YES;
				CLANG_WARN_INFINITE_RECURSION = YES;
				CLANG_WARN_INT_CONVERSION = YES;
				CLANG_WARN_NON_LITERAL_NULL_CONVERSION = YES;
				CLANG_WARN_OBJC_IMPLICIT_RETAIN_SELF = YES;
				CLANG_WARN_OBJC_LITERAL_CONVERSION = YES;
				CLANG_WARN_OBJC_ROOT_CLASS = YES_ERROR;
				CLANG_WARN_RANGE_LOOP_ANALYSIS = YES;
				CLANG_WARN_STRICT_PROTOTYPES = YES;
				CLANG_WARN_SUSPICIOUS_MOVE = YES;
				CLANG_WARN_UNGUARDED_AVAILABILITY = YES_AGGRESSIVE;
				CLANG_WARN_UNREACHABLE_CODE = YES;
				CLANG_WARN__DUPLICATE_METHOD_MATCH = YES;
				COPY_PHASE_STRIP = NO;
				DEBUG_INFORMATION_FORMAT = "dwarf-with-dsym";
				ENABLE_NS_ASSERTIONS = NO;
				ENABLE_STRICT_OBJC_MSGSEND = YES;
				GCC_C_LANGUAGE_STANDARD = gnu11;
				GCC_NO_COMMON_BLOCKS = YES;
				GCC_WARN_64_TO_32_BIT_CONVERSION = YES;
				GCC_WARN_ABOUT_RETURN_TYPE = YES_ERROR;
				GCC_WARN_UNDECLARED_SELECTOR = YES;
				GCC_WARN_UNINITIALIZED_AUTOS = YES_AGGRESSIVE;
				GCC_WARN_UNUSED_FUNCTION = YES;
				GCC_WARN_UNUSED_VARIABLE = YES;
				IPHONEOS_DEPLOYMENT_TARGET = 13.2;
				MTL_ENABLE_DEBUG_INFO = NO;
				MTL_FAST_MATH = YES;
				SDKROOT = iphoneos;
				SWIFT_COMPILATION_MODE = wholemodule;
				SWIFT_OPTIMIZATION_LEVEL = "-O";
				VALIDATE_PRODUCT = YES;
			};
			name = Release;
		};
		76CCE8EB24FA8E60000D65E0 /* Debug */ = {
			isa = XCBuildConfiguration;
			baseConfigurationReference = 32F2F63D7BED57C295C6316D /* Pods-PixelCityApp.debug.xcconfig */;
			buildSettings = {
				ASSETCATALOG_COMPILER_APPICON_NAME = AppIcon;
				CODE_SIGN_STYLE = Automatic;
				DEVELOPMENT_TEAM = SH48NLQR9Y;
				INFOPLIST_FILE = PixelCityApp/Info.plist;
				LD_RUNPATH_SEARCH_PATHS = (
					"$(inherited)",
					"@executable_path/Frameworks",
				);
				PRODUCT_BUNDLE_IDENTIFIER = zando.PixelCityApp;
				PRODUCT_NAME = "$(TARGET_NAME)";
				SWIFT_VERSION = 5.0;
				TARGETED_DEVICE_FAMILY = "1,2";
			};
			name = Debug;
		};
		76CCE8EC24FA8E60000D65E0 /* Release */ = {
			isa = XCBuildConfiguration;
			baseConfigurationReference = 9C96BEFDFFC412D11CBFA27B /* Pods-PixelCityApp.release.xcconfig */;
			buildSettings = {
				ASSETCATALOG_COMPILER_APPICON_NAME = AppIcon;
				CODE_SIGN_STYLE = Automatic;
				DEVELOPMENT_TEAM = SH48NLQR9Y;
				INFOPLIST_FILE = PixelCityApp/Info.plist;
				LD_RUNPATH_SEARCH_PATHS = (
					"$(inherited)",
					"@executable_path/Frameworks",
				);
				PRODUCT_BUNDLE_IDENTIFIER = zando.PixelCityApp;
				PRODUCT_NAME = "$(TARGET_NAME)";
				SWIFT_VERSION = 5.0;
				TARGETED_DEVICE_FAMILY = "1,2";
			};
			name = Release;
		};
/* End XCBuildConfiguration section */

/* Begin XCConfigurationList section */
		76CCE8D124FA8E5E000D65E0 /* Build configuration list for PBXProject "PixelCityApp" */ = {
			isa = XCConfigurationList;
			buildConfigurations = (
				76CCE8E824FA8E60000D65E0 /* Debug */,
				76CCE8E924FA8E60000D65E0 /* Release */,
			);
			defaultConfigurationIsVisible = 0;
			defaultConfigurationName = Release;
		};
		76CCE8EA24FA8E60000D65E0 /* Build configuration list for PBXNativeTarget "PixelCityApp" */ = {
			isa = XCConfigurationList;
			buildConfigurations = (
				76CCE8EB24FA8E60000D65E0 /* Debug */,
				76CCE8EC24FA8E60000D65E0 /* Release */,
			);
			defaultConfigurationIsVisible = 0;
			defaultConfigurationName = Release;
		};
/* End XCConfigurationList section */
	};
	rootObject = 76CCE8CE24FA8E5E000D65E0 /* Project object */;
}
